# THIS IS AN AUTOGENERATED FILE. DO NOT EDIT THIS FILE DIRECTLY.
# yarn lockfile v1


"@egjs/hammerjs@^2.0.17":
  version "2.0.17"
  resolved "https://registry.yarnpkg.com/@egjs/hammerjs/-/hammerjs-2.0.17.tgz#5dc02af75a6a06e4c2db0202cae38c9263895124"
  integrity sha512-XQsZgjm2EcVUiZQf11UBJQfmZeEmOW8DpI1gsFeln6w0ae0ii4dMQEQ0kjl6DspdWX1aGY1/loyXnP0JS06e/A==
  dependencies:
    "@types/hammerjs" "^2.0.36"

"@types/hammerjs@^2.0.36":
  version "2.0.41"
  resolved "https://registry.yarnpkg.com/@types/hammerjs/-/hammerjs-2.0.41.tgz#f6ecf57d1b12d2befcce00e928a6a097c22980aa"
  integrity sha512-ewXv/ceBaJprikMcxCmWU1FKyMAQ2X7a9Gtmzw8fcg2kIePI1crERDM818W+XYrxqdBBOdlf2rm137bU+BltCA==

after@0.8.2:
  version "0.8.2"
  resolved "https://registry.yarnpkg.com/after/-/after-0.8.2.tgz#fedb394f9f0e02aa9768e702bda23b505fae7e1f"
  integrity sha512-QbJ0NTQ/I9DI3uSJA4cbexiwQeRAfjPScqIbSjUDd9TOrcg6pTkdgziesOqxBMBzit8vFCTwrP27t13vFOORRA==

arraybuffer.slice@~0.0.7:
  version "0.0.7"
  resolved "https://registry.yarnpkg.com/arraybuffer.slice/-/arraybuffer.slice-0.0.7.tgz#3bbc4275dd584cc1b10809b89d4e8b63a69e7675"
  integrity sha512-wGUIVQXuehL5TCqQun8OW81jGzAWycqzFF8lFp+GOM5BXLYj3bKNsYC4daB7n6XjCqxQA/qgTJ+8ANR3acjrog==

asap@~2.0.3:
  version "2.0.6"
  resolved "https://registry.yarnpkg.com/asap/-/asap-2.0.6.tgz#e50347611d7e690943208bbdafebcbc2fb866d46"
  integrity sha512-BSHWgDSAiKs50o2Re8ppvp3seVHXSRM44cdSsT9FfNEUUZLOGWVCsiWaRPWM1Znn+mqZ1OfVZ3z3DWEzSp7hRA==

backo2@1.0.2:
  version "1.0.2"
  resolved "https://registry.yarnpkg.com/backo2/-/backo2-1.0.2.tgz#31ab1ac8b129363463e35b3ebb69f4dfcfba7947"
  integrity sha512-zj6Z6M7Eq+PBZ7PQxl5NT665MvJdAkzp0f60nAJ+sLaSCBPMwVak5ZegFbgVCzFcCJTKFoMizvM5Ld7+JrRJHA==

base64-arraybuffer@0.1.4:
  version "0.1.4"
  resolved "https://registry.yarnpkg.com/base64-arraybuffer/-/base64-arraybuffer-0.1.4.tgz#9818c79e059b1355f97e0428a017c838e90ba812"
  integrity sha512-a1eIFi4R9ySrbiMuyTGx5e92uRH5tQY6kArNcFaKBUleIoLjdjBg7Zxm3Mqm3Kmkf27HLR/1fnxX9q8GQ7Iavg==

blob@0.0.5:
  version "0.0.5"
  resolved "https://registry.yarnpkg.com/blob/-/blob-0.0.5.tgz#d680eeef25f8cd91ad533f5b01eed48e64caf683"
  integrity sha512-gaqbzQPqOoamawKg0LGVd7SzLgXS+JH61oWprSLH+P+abTczqJbhTR8CmJ2u9/bUYNmHTGJx/UEmn6doAvvuig==

component-bind@1.0.0:
  version "1.0.0"
  resolved "https://registry.yarnpkg.com/component-bind/-/component-bind-1.0.0.tgz#00c608ab7dcd93897c0009651b1d3a8e1e73bbd1"
  integrity sha1-AMYIq33Nk4l8AAllGx06jh5zu9E=

component-emitter@~1.3.0:
  version "1.3.0"
  resolved "https://registry.yarnpkg.com/component-emitter/-/component-emitter-1.3.0.tgz#16e4070fba8ae29b679f2215853ee181ab2eabc0"
  integrity sha512-Rd3se6QB+sO1TwqZjscQrurpEPIfO0/yYnSin6Q/rD3mOutHvUrCAhJub3r90uNb+SESBuE0QYoB90YdfatsRg==

component-inherit@0.0.3:
  version "0.0.3"
  resolved "https://registry.yarnpkg.com/component-inherit/-/component-inherit-0.0.3.tgz#645fc4adf58b72b649d5cae65135619db26ff143"
  integrity sha1-ZF/ErfWLcrZJ1crmUTVhnbJv8UM=

cross-fetch@^3.1.5:
  version "3.1.5"
  resolved "https://registry.yarnpkg.com/cross-fetch/-/cross-fetch-3.1.5.tgz#e1389f44d9e7ba767907f7af8454787952ab534f"
  integrity sha512-lvb1SBsI0Z7GDwmuid+mU3kWVBwTVUbe7S0H52yaaAdQOXq2YktTCZdlAcNKFzE6QtRz0snpw9bNiPeOIkkQvw==
  dependencies:
    node-fetch "2.6.7"

debug@~3.1.0:
  version "3.1.0"
  resolved "https://registry.yarnpkg.com/debug/-/debug-3.1.0.tgz#5bb5a0672628b64149566ba16819e61518c67261"
  integrity sha512-OX8XqP7/1a9cqkxYw2yXss15f26NKWBpDXQd0/uK/KPqdQhxbPa994hnzjcE2VqQpDslf55723cKPUOGSmMY3g==
  dependencies:
    ms "2.0.0"

engine.io-client@~3.5.0:
  version "3.5.2"
  resolved "https://registry.yarnpkg.com/engine.io-client/-/engine.io-client-3.5.2.tgz#0ef473621294004e9ceebe73cef0af9e36f2f5fa"
  integrity sha512-QEqIp+gJ/kMHeUun7f5Vv3bteRHppHH/FMBQX/esFj/fuYfjyUKWGMo3VCvIP/V8bE9KcjHmRZrhIz2Z9oNsDA==
  dependencies:
    component-emitter "~1.3.0"
    component-inherit "0.0.3"
    debug "~3.1.0"
    engine.io-parser "~2.2.0"
    has-cors "1.1.0"
    indexof "0.0.1"
    parseqs "0.0.6"
    parseuri "0.0.6"
    ws "~7.4.2"
    xmlhttprequest-ssl "~1.6.2"
    yeast "0.1.2"

engine.io-parser@~2.2.0:
  version "2.2.1"
  resolved "https://registry.yarnpkg.com/engine.io-parser/-/engine.io-parser-2.2.1.tgz#57ce5611d9370ee94f99641b589f94c97e4f5da7"
  integrity sha512-x+dN/fBH8Ro8TFwJ+rkB2AmuVw9Yu2mockR/p3W8f8YtExwFgDvBDi0GWyb4ZLkpahtDGZgtr3zLovanJghPqg==
  dependencies:
    after "0.8.2"
    arraybuffer.slice "~0.0.7"
    base64-arraybuffer "0.1.4"
    blob "0.0.5"
    has-binary2 "~1.0.2"

fbjs-css-vars@^1.0.0:
  version "1.0.2"
  resolved "https://registry.yarnpkg.com/fbjs-css-vars/-/fbjs-css-vars-1.0.2.tgz#216551136ae02fe255932c3ec8775f18e2c078b8"
  integrity sha512-b2XGFAFdWZWg0phtAWLHCk836A1Xann+I+Dgd3Gk64MHKZO44FfoD1KxyvbSh0qZsIoXQGGlVztIY+oitJPpRQ==

fbjs@^3.0.0:
  version "3.0.4"
  resolved "https://registry.yarnpkg.com/fbjs/-/fbjs-3.0.4.tgz#e1871c6bd3083bac71ff2da868ad5067d37716c6"
  integrity sha512-ucV0tDODnGV3JCnnkmoszb5lf4bNpzjv80K41wd4k798Etq+UYD0y0TIfalLjZoKgjive6/adkRnszwapiDgBQ==
  dependencies:
    cross-fetch "^3.1.5"
    fbjs-css-vars "^1.0.0"
    loose-envify "^1.0.0"
    object-assign "^4.1.0"
    promise "^7.1.1"
    setimmediate "^1.0.5"
    ua-parser-js "^0.7.30"

has-binary2@~1.0.2:
  version "1.0.3"
  resolved "https://registry.yarnpkg.com/has-binary2/-/has-binary2-1.0.3.tgz#7776ac627f3ea77250cfc332dab7ddf5e4f5d11d"
  integrity sha512-G1LWKhDSvhGeAQ8mPVQlqNcOB2sJdwATtZKl2pDKKHfpf/rYj24lkinxf69blJbnsvtqqNU+L3SL50vzZhXOnw==
  dependencies:
    isarray "2.0.1"

has-cors@1.1.0:
  version "1.1.0"
  resolved "https://registry.yarnpkg.com/has-cors/-/has-cors-1.1.0.tgz#5e474793f7ea9843d1bb99c23eef49ff126fff39"
  integrity sha1-XkdHk/fqmEPRu5nCPu9J/xJv/zk=

hoist-non-react-statics@^3.3.0:
  version "3.3.2"
  resolved "https://registry.yarnpkg.com/hoist-non-react-statics/-/hoist-non-react-statics-3.3.2.tgz#ece0acaf71d62c2969c2ec59feff42a4b1a85b45"
  integrity sha512-/gGivxi8JPKWNm/W0jSmzcMPpfpPLc3dY/6GxhX2hQ9iGj3aDfklV4ET7NjKpSinLpJ5vafa9iiGIEZg10SfBw==
  dependencies:
    react-is "^16.7.0"

indexof@0.0.1:
  version "0.0.1"
  resolved "https://registry.yarnpkg.com/indexof/-/indexof-0.0.1.tgz#82dc336d232b9062179d05ab3293a66059fd435d"
  integrity sha1-gtwzbSMrkGIXnQWrMpOmYFn9Q10=

invariant@^2.2.4:
  version "2.2.4"
  resolved "https://registry.yarnpkg.com/invariant/-/invariant-2.2.4.tgz#610f3c92c9359ce1db616e538008d23ff35158e6"
  integrity sha512-phJfQVBuaJM5raOpJjSfkiD6BpbCE4Ns//LaXl6wGYtUBY83nWS6Rf9tXm2e8VaK60JEjYldbPif/A2B1C2gNA==
  dependencies:
    loose-envify "^1.0.0"

isarray@2.0.1:
  version "2.0.1"
  resolved "https://registry.yarnpkg.com/isarray/-/isarray-2.0.1.tgz#a37d94ed9cda2d59865c9f76fe596ee1f338741e"
  integrity sha1-o32U7ZzaLVmGXJ92/llu4fM4dB4=

"js-tokens@^3.0.0 || ^4.0.0":
  version "4.0.0"
  resolved "https://registry.yarnpkg.com/js-tokens/-/js-tokens-4.0.0.tgz#19203fb59991df98e3a287050d4647cdeaf32499"
  integrity sha512-RdJUflcE3cUzKiMqQgsCu06FPu9UdIJO0beYbPhHN4k6apgJtifcoCtT9bcxOpYBtpD2kCM6Sbzg4CausW/PKQ==

loose-envify@^1.0.0, loose-envify@^1.4.0:
  version "1.4.0"
  resolved "https://registry.yarnpkg.com/loose-envify/-/loose-envify-1.4.0.tgz#71ee51fa7be4caec1a63839f7e682d8132d30caf"
  integrity sha512-lyuxPGr/Wfhrlem2CL/UcnUc1zcqKAImBDzukY7Y5F/yQiNdko6+fRLevlw1HgMySw7f611UIY408EtxRSoK3Q==
  dependencies:
    js-tokens "^3.0.0 || ^4.0.0"

ms@2.0.0:
  version "2.0.0"
  resolved "https://registry.yarnpkg.com/ms/-/ms-2.0.0.tgz#5608aeadfc00be6c2901df5f9861788de0d597c8"
  integrity sha1-VgiurfwAvmwpAd9fmGF4jeDVl8g=

node-fetch@2.6.7:
  version "2.6.7"
  resolved "https://registry.yarnpkg.com/node-fetch/-/node-fetch-2.6.7.tgz#24de9fba827e3b4ae44dc8b20256a379160052ad"
  integrity sha512-ZjMPFEfVx5j+y2yF35Kzx5sF7kDzxuDj6ziH4FFbOp87zKDZNx8yExJIb05OGF4Nlt9IHFIMBkRl41VdvcNdbQ==
  dependencies:
    whatwg-url "^5.0.0"

object-assign@^4.1.0, object-assign@^4.1.1:
  version "4.1.1"
  resolved "https://registry.yarnpkg.com/object-assign/-/object-assign-4.1.1.tgz#2109adc7965887cfc05cbbd442cac8bfbb360863"
  integrity sha1-IQmtx5ZYh8/AXLvUQsrIv7s2CGM=

parseqs@0.0.6:
  version "0.0.6"
  resolved "https://registry.yarnpkg.com/parseqs/-/parseqs-0.0.6.tgz#8e4bb5a19d1cdc844a08ac974d34e273afa670d5"
  integrity sha512-jeAGzMDbfSHHA091hr0r31eYfTig+29g3GKKE/PPbEQ65X0lmMwlEoqmhzu0iztID5uJpZsFlUPDP8ThPL7M8w==

parseuri@0.0.6:
  version "0.0.6"
  resolved "https://registry.yarnpkg.com/parseuri/-/parseuri-0.0.6.tgz#e1496e829e3ac2ff47f39a4dd044b32823c4a25a"
  integrity sha512-AUjen8sAkGgao7UyCX6Ahv0gIK2fABKmYjvP4xmy5JaKvcbTRueIqIPHLAfq30xJddqSE033IOMUSOMCcK3Sow==

promise@^7.1.1:
  version "7.3.1"
  resolved "https://registry.yarnpkg.com/promise/-/promise-7.3.1.tgz#064b72602b18f90f29192b8b1bc418ffd1ebd3bf"
  integrity sha512-nolQXZ/4L+bP/UGlkfaIujX9BKxGwmQ9OT4mOt5yvy8iK1h3wqTEJCijzGANTCCl9nWjY41juyAn2K3Q1hLLTg==
  dependencies:
    asap "~2.0.3"

prop-types@^15.7.2:
  version "15.8.1"
  resolved "https://registry.yarnpkg.com/prop-types/-/prop-types-15.8.1.tgz#67d87bf1a694f48435cf332c24af10214a3140b5"
  integrity sha512-oj87CgZICdulUohogVAR7AjlC0327U4el4L6eAvOqCeudMDVU0NThNaV+b9Df4dXgSP1gXMTnPdhfe/2qDH5cg==
  dependencies:
    loose-envify "^1.4.0"
    object-assign "^4.1.1"
    react-is "^16.13.1"

react-is@^16.13.1, react-is@^16.7.0:
  version "16.13.1"
  resolved "https://registry.yarnpkg.com/react-is/-/react-is-16.13.1.tgz#789729a4dc36de2999dc156dd6c1d9c18cea56a4"
  integrity sha512-24e6ynE2H+OKt4kqsOvNd8kBpV65zoxbA4BVsEOB3ARVWQki/DHzaUoC5KuON/BiccDaCCTZBuOcfZs70kR8bQ==

react-native-agora@^3.5.0:
  version "3.7.0"
  resolved "https://registry.yarnpkg.com/react-native-agora/-/react-native-agora-3.7.0.tgz#8bc5122792a78c3a6a31a4e183aa12fb3aec3aea"
  integrity sha512-ZwZ/7byDyJ2iu87erhbYswvvdW7SwlWt195Cp8XMluvNunFb7pIVZyWxqcRfxc9XGN/CyrcP3/CaWpNJAFpXLg==

react-native-gesture-handler@^1.10.3:
  version "1.10.3"
  resolved "https://registry.yarnpkg.com/react-native-gesture-handler/-/react-native-gesture-handler-1.10.3.tgz#942bbf2963bbf49fa79593600ee9d7b5dab3cfc0"
  integrity sha512-cBGMi1IEsIVMgoox4RvMx7V2r6bNKw0uR1Mu1o7NbuHS6BRSVLq0dP34l2ecnPlC+jpWd3le6Yg1nrdCjby2Mw==
  dependencies:
    "@egjs/hammerjs" "^2.0.17"
    fbjs "^3.0.0"
    hoist-non-react-statics "^3.3.0"
    invariant "^2.2.4"
    prop-types "^15.7.2"

react-native-svg-icon@^0.10.0:
  version "0.10.0"
  resolved "https://registry.yarnpkg.com/react-native-svg-icon/-/react-native-svg-icon-0.10.0.tgz#c2b46dae51063559f67c019113edaac747071048"
  integrity sha512-laLUJnXJ6gVCN/YjJvXG0eoaahocT7Iu3r+nr5XmyuJrapuWiuR7YYmuVCvFx2rtuexh8veooA1tsM319mcsNQ==

setimmediate@^1.0.5:
  version "1.0.5"
  resolved "https://registry.yarnpkg.com/setimmediate/-/setimmediate-1.0.5.tgz#290cbb232e306942d7d7ea9b83732ab7856f8285"
  integrity sha1-KQy7Iy4waULX1+qbg3Mqt4VvgoU=

socket.io-client@^2.3.0:
  version "2.4.0"
  resolved "https://registry.yarnpkg.com/socket.io-client/-/socket.io-client-2.4.0.tgz#aafb5d594a3c55a34355562fc8aea22ed9119a35"
  integrity sha512-M6xhnKQHuuZd4Ba9vltCLT9oa+YvTsP8j9NcEiLElfIg8KeYPyhWOes6x4t+LTAC8enQbE/995AdTem2uNyKKQ==
  dependencies:
    backo2 "1.0.2"
    component-bind "1.0.0"
    component-emitter "~1.3.0"
    debug "~3.1.0"
    engine.io-client "~3.5.0"
    has-binary2 "~1.0.2"
    indexof "0.0.1"
    parseqs "0.0.6"
    parseuri "0.0.6"
    socket.io-parser "~3.3.0"
    to-array "0.1.4"

socket.io-parser@~3.3.0:
  version "3.3.2"
  resolved "https://registry.yarnpkg.com/socket.io-parser/-/socket.io-parser-3.3.2.tgz#ef872009d0adcf704f2fbe830191a14752ad50b6"
  integrity sha512-FJvDBuOALxdCI9qwRrO/Rfp9yfndRtc1jSgVgV8FDraihmSP/MLGD5PEuJrNfjALvcQ+vMDM/33AWOYP/JSjDg==
  dependencies:
    component-emitter "~1.3.0"
    debug "~3.1.0"
    isarray "2.0.1"

to-array@0.1.4:
  version "0.1.4"
  resolved "https://registry.yarnpkg.com/to-array/-/to-array-0.1.4.tgz#17e6c11f73dd4f3d74cda7a4ff3238e9ad9bf890"
  integrity sha1-F+bBH3PdTz10zaek/zI46a2b+JA=

tr46@~0.0.3:
  version "0.0.3"
  resolved "https://registry.yarnpkg.com/tr46/-/tr46-0.0.3.tgz#8184fd347dac9cdc185992f3a6622e14b9d9ab6a"
  integrity sha1-gYT9NH2snNwYWZLzpmIuFLnZq2o=

ua-parser-js@^0.7.30:
  version "0.7.31"
  resolved "https://registry.yarnpkg.com/ua-parser-js/-/ua-parser-js-0.7.31.tgz#649a656b191dffab4f21d5e053e27ca17cbff5c6"
  integrity sha512-qLK/Xe9E2uzmYI3qLeOmI0tEOt+TBBQyUIAh4aAgU05FVYzeZrKUdkAZfBNVGRaHVgV0TDkdEngJSw/SyQchkQ==

webidl-conversions@^3.0.0:
  version "3.0.1"
  resolved "https://registry.yarnpkg.com/webidl-conversions/-/webidl-conversions-3.0.1.tgz#24534275e2a7bc6be7bc86611cc16ae0a5654871"
  integrity sha1-JFNCdeKnvGvnvIZhHMFq4KVlSHE=

whatwg-url@^5.0.0:
  version "5.0.0"
  resolved "https://registry.yarnpkg.com/whatwg-url/-/whatwg-url-5.0.0.tgz#966454e8765462e37644d3626f6742ce8b70965d"
  integrity sha1-lmRU6HZUYuN2RNNib2dCzotwll0=
  dependencies:
    tr46 "~0.0.3"
    webidl-conversions "^3.0.0"

ws@~7.4.2:
  version "7.4.6"
  resolved "https://registry.yarnpkg.com/ws/-/ws-7.4.6.tgz#5654ca8ecdeee47c33a9a4bf6d28e2be2980377c"
  integrity sha512-YmhHDO4MzaDLB+M9ym/mDA5z0naX8j7SIlT8f8z+I0VtzsRbekxEutHSme7NPS2qE8StCYQNUnfWdXta/Yu85A==

xmlhttprequest-ssl@~1.6.2:
  version "1.6.3"
  resolved "https://registry.yarnpkg.com/xmlhttprequest-ssl/-/xmlhttprequest-ssl-1.6.3.tgz#03b713873b01659dfa2c1c5d056065b27ddc2de6"
  integrity sha512-3XfeQE/wNkvrIktn2Kf0869fC0BN6UpydVasGIeSm2B1Llihf7/0UfZM+eCkOw3P7bP4+qPgqhm7ZoxuJtFU0Q==

yeast@0.1.2:
  version "0.1.2"
  resolved "https://registry.yarnpkg.com/yeast/-/yeast-0.1.2.tgz#008e06d8094320c372dbc2f8ed76a0ca6c8ac419"
  integrity sha1-AI4G2AlDIMNy28L47XagymyKxBk=
